// !$*UTF8*$!
{
	archiveVersion = 1;
	classes = {
	};
	objectVersion = 50;
	objects = {

/* Begin PBXBuildFile section */
		145F7F42231EF6100028967C /* RWPickFlavor.h in Headers */ = {isa = PBXBuildFile; fileRef = 145F7F40231EF6100028967C /* RWPickFlavor.h */; settings = {ATTRIBUTES = (Public, ); }; };
		145F7F57231EF7F70028967C /* PickFlavorViewController.swift in Sources */ = {isa = PBXBuildFile; fileRef = 145F7F49231EF7F70028967C /* PickFlavorViewController.swift */; };
		145F7F58231EF7F70028967C /* PickFlavorDataSource.swift in Sources */ = {isa = PBXBuildFile; fileRef = 145F7F4A231EF7F70028967C /* PickFlavorDataSource.swift */; };
		145F7F59231EF7F70028967C /* Images.xcassets in Resources */ = {isa = PBXBuildFile; fileRef = 145F7F4C231EF7F70028967C /* Images.xcassets */; };
		145F7F5A231EF7F70028967C /* Flavor.swift in Sources */ = {isa = PBXBuildFile; fileRef = 145F7F4E231EF7F70028967C /* Flavor.swift */; };
		145F7F5B231EF7F70028967C /* ScoopCell.swift in Sources */ = {isa = PBXBuildFile; fileRef = 145F7F50231EF7F70028967C /* ScoopCell.swift */; };
		145F7F5C231EF7F70028967C /* ScoopView.swift in Sources */ = {isa = PBXBuildFile; fileRef = 145F7F51231EF7F70028967C /* ScoopView.swift */; };
		145F7F5D231EF7F70028967C /* Main.storyboard in Resources */ = {isa = PBXBuildFile; fileRef = 145F7F52231EF7F70028967C /* Main.storyboard */; };
		145F7F5E231EF7F70028967C /* IceCreamView.swift in Sources */ = {isa = PBXBuildFile; fileRef = 145F7F54231EF7F70028967C /* IceCreamView.swift */; };
		145F7F5F231EF7F70028967C /* RGBAColorFromString.swift in Sources */ = {isa = PBXBuildFile; fileRef = 145F7F56231EF7F70028967C /* RGBAColorFromString.swift */; };
		A5C8CA99BDE9751B778A1105 /* libPods-RWPickFlavor.a in Frameworks */ = {isa = PBXBuildFile; fileRef = 8CA8AE2AECE4307573A58907 /* libPods-RWPickFlavor.a */; };
/* End PBXBuildFile section */

/* Begin PBXFileReference section */
		145F7F3D231EF6100028967C /* RWPickFlavor.framework */ = {isa = PBXFileReference; explicitFileType = wrapper.framework; includeInIndex = 0; path = RWPickFlavor.framework; sourceTree = BUILT_PRODUCTS_DIR; };
		145F7F40231EF6100028967C /* RWPickFlavor.h */ = {isa = PBXFileReference; lastKnownFileType = sourcecode.c.h; path = RWPickFlavor.h; sourceTree = "<group>"; };
		145F7F41231EF6100028967C /* Info.plist */ = {isa = PBXFileReference; lastKnownFileType = text.plist.xml; path = Info.plist; sourceTree = "<group>"; };
		145F7F49231EF7F70028967C /* PickFlavorViewController.swift */ = {isa = PBXFileReference; fileEncoding = 4; lastKnownFileType = sourcecode.swift; path = PickFlavorViewController.swift; sourceTree = "<group>"; };
		145F7F4A231EF7F70028967C /* PickFlavorDataSource.swift */ = {isa = PBXFileReference; fileEncoding = 4; lastKnownFileType = sourcecode.swift; path = PickFlavorDataSource.swift; sourceTree = "<group>"; };
		145F7F4C231EF7F70028967C /* Images.xcassets */ = {isa = PBXFileReference; lastKnownFileType = folder.assetcatalog; path = Images.xcassets; sourceTree = "<group>"; };
		145F7F4E231EF7F70028967C /* Flavor.swift */ = {isa = PBXFileReference; fileEncoding = 4; lastKnownFileType = sourcecode.swift; path = Flavor.swift; sourceTree = "<group>"; };
		145F7F50231EF7F70028967C /* ScoopCell.swift */ = {isa = PBXFileReference; fileEncoding = 4; lastKnownFileType = sourcecode.swift; path = ScoopCell.swift; sourceTree = "<group>"; };
		145F7F51231EF7F70028967C /* ScoopView.swift */ = {isa = PBXFileReference; fileEncoding = 4; lastKnownFileType = sourcecode.swift; path = ScoopView.swift; sourceTree = "<group>"; };
		145F7F53231EF7F70028967C /* Base */ = {isa = PBXFileReference; lastKnownFileType = file.storyboard; name = Base; path = Base.lproj/Main.storyboard; sourceTree = "<group>"; };
		145F7F54231EF7F70028967C /* IceCreamView.swift */ = {isa = PBXFileReference; fileEncoding = 4; lastKnownFileType = sourcecode.swift; path = IceCreamView.swift; sourceTree = "<group>"; };
		145F7F56231EF7F70028967C /* RGBAColorFromString.swift */ = {isa = PBXFileReference; fileEncoding = 4; lastKnownFileType = sourcecode.swift; path = RGBAColorFromString.swift; sourceTree = "<group>"; };
		211FC6FC5E15FB4053D520C6 /* Pods-RWPickFlavor.debug.xcconfig */ = {isa = PBXFileReference; includeInIndex = 1; lastKnownFileType = text.xcconfig; name = "Pods-RWPickFlavor.debug.xcconfig"; path = "Target Support Files/Pods-RWPickFlavor/Pods-RWPickFlavor.debug.xcconfig"; sourceTree = "<group>"; };
		61C322EC73F4B09A74D96CF3 /* Pods-RWPickFlavor.release.xcconfig */ = {isa = PBXFileReference; includeInIndex = 1; lastKnownFileType = text.xcconfig; name = "Pods-RWPickFlavor.release.xcconfig"; path = "Target Support Files/Pods-RWPickFlavor/Pods-RWPickFlavor.release.xcconfig"; sourceTree = "<group>"; };
		8CA8AE2AECE4307573A58907 /* libPods-RWPickFlavor.a */ = {isa = PBXFileReference; explicitFileType = archive.ar; includeInIndex = 0; path = "libPods-RWPickFlavor.a"; sourceTree = BUILT_PRODUCTS_DIR; };
/* End PBXFileReference section */

/* Begin PBXFrameworksBuildPhase section */
		145F7F3A231EF6100028967C /* Frameworks */ = {
			isa = PBXFrameworksBuildPhase;
			buildActionMask = 2147483647;
			files = (
				A5C8CA99BDE9751B778A1105 /* libPods-RWPickFlavor.a in Frameworks */,
			);
			runOnlyForDeploymentPostprocessing = 0;
		};
/* End PBXFrameworksBuildPhase section */

/* Begin PBXGroup section */
		145F7F33231EF6100028967C = {
			isa = PBXGroup;
			children = (
				145F7F3F231EF6100028967C /* RWPickFlavor */,
				145F7F3E231EF6100028967C /* Products */,
				F8A24E0E277E3A550EDCF039 /* Pods */,
				6E5C13C5A968BB169607B80B /* Frameworks */,
			);
			sourceTree = "<group>";
		};
		145F7F3E231EF6100028967C /* Products */ = {
			isa = PBXGroup;
			children = (
				145F7F3D231EF6100028967C /* RWPickFlavor.framework */,
			);
			name = Products;
			sourceTree = "<group>";
		};
		145F7F3F231EF6100028967C /* RWPickFlavor */ = {
			isa = PBXGroup;
			children = (
				145F7F55231EF7F70028967C /* Categories */,
				145F7F48231EF7F70028967C /* Controllers */,
				145F7F4D231EF7F70028967C /* Models */,
				145F7F4B231EF7F70028967C /* Resources */,
				145F7F4F231EF7F70028967C /* Views */,
				145F7F40231EF6100028967C /* RWPickFlavor.h */,
				145F7F41231EF6100028967C /* Info.plist */,
			);
			path = RWPickFlavor;
			sourceTree = "<group>";
		};
		145F7F48231EF7F70028967C /* Controllers */ = {
			isa = PBXGroup;
			children = (
				145F7F49231EF7F70028967C /* PickFlavorViewController.swift */,
				145F7F4A231EF7F70028967C /* PickFlavorDataSource.swift */,
			);
			path = Controllers;
			sourceTree = "<group>";
		};
		145F7F4B231EF7F70028967C /* Resources */ = {
			isa = PBXGroup;
			children = (
				145F7F4C231EF7F70028967C /* Images.xcassets */,
			);
			path = Resources;
			sourceTree = "<group>";
		};
		145F7F4D231EF7F70028967C /* Models */ = {
			isa = PBXGroup;
			children = (
				145F7F4E231EF7F70028967C /* Flavor.swift */,
			);
			path = Models;
			sourceTree = "<group>";
		};
		145F7F4F231EF7F70028967C /* Views */ = {
			isa = PBXGroup;
			children = (
				145F7F50231EF7F70028967C /* ScoopCell.swift */,
				145F7F51231EF7F70028967C /* ScoopView.swift */,
				145F7F52231EF7F70028967C /* Main.storyboard */,
				145F7F54231EF7F70028967C /* IceCreamView.swift */,
			);
			path = Views;
			sourceTree = "<group>";
		};
		145F7F55231EF7F70028967C /* Categories */ = {
			isa = PBXGroup;
			children = (
				145F7F56231EF7F70028967C /* RGBAColorFromString.swift */,
			);
			path = Categories;
			sourceTree = "<group>";
		};
		6E5C13C5A968BB169607B80B /* Frameworks */ = {
			isa = PBXGroup;
			children = (
				8CA8AE2AECE4307573A58907 /* libPods-RWPickFlavor.a */,
			);
			name = Frameworks;
			sourceTree = "<group>";
		};
		F8A24E0E277E3A550EDCF039 /* Pods */ = {
			isa = PBXGroup;
			children = (
				211FC6FC5E15FB4053D520C6 /* Pods-RWPickFlavor.debug.xcconfig */,
				61C322EC73F4B09A74D96CF3 /* Pods-RWPickFlavor.release.xcconfig */,
			);
			path = Pods;
			sourceTree = "<group>";
		};
/* End PBXGroup section */

/* Begin PBXHeadersBuildPhase section */
		145F7F38231EF6100028967C /* Headers */ = {
			isa = PBXHeadersBuildPhase;
			buildActionMask = 2147483647;
			files = (
				145F7F42231EF6100028967C /* RWPickFlavor.h in Headers */,
			);
			runOnlyForDeploymentPostprocessing = 0;
		};
/* End PBXHeadersBuildPhase section */

/* Begin PBXNativeTarget section */
		145F7F3C231EF6100028967C /* RWPickFlavor */ = {
			isa = PBXNativeTarget;
			buildConfigurationList = 145F7F45231EF6100028967C /* Build configuration list for PBXNativeTarget "RWPickFlavor" */;
			buildPhases = (
				5431BB2CD9CC53F7A3EA3735 /* [CP] Check Pods Manifest.lock */,
				145F7F38231EF6100028967C /* Headers */,
				145F7F39231EF6100028967C /* Sources */,
				145F7F3A231EF6100028967C /* Frameworks */,
				145F7F3B231EF6100028967C /* Resources */,
			);
			buildRules = (
			);
			dependencies = (
			);
			name = RWPickFlavor;
			productName = RWPickFlavor;
			productReference = 145F7F3D231EF6100028967C /* RWPickFlavor.framework */;
			productType = "com.apple.product-type.framework";
		};
/* End PBXNativeTarget section */

/* Begin PBXProject section */
		145F7F34231EF6100028967C /* Project object */ = {
			isa = PBXProject;
			attributes = {
				LastUpgradeCheck = 1030;
				ORGANIZATIONNAME = "Alan Aherne";
				TargetAttributes = {
					145F7F3C231EF6100028967C = {
						CreatedOnToolsVersion = 10.3;
					};
				};
			};
			buildConfigurationList = 145F7F37231EF6100028967C /* Build configuration list for PBXProject "RWPickFlavor" */;
			compatibilityVersion = "Xcode 9.3";
			developmentRegion = en;
			hasScannedForEncodings = 0;
			knownRegions = (
				en,
				Base,
			);
			mainGroup = 145F7F33231EF6100028967C;
			productRefGroup = 145F7F3E231EF6100028967C /* Products */;
			projectDirPath = "";
			projectRoot = "";
			targets = (
				145F7F3C231EF6100028967C /* RWPickFlavor */,
			);
		};
/* End PBXProject section */

/* Begin PBXResourcesBuildPhase section */
		145F7F3B231EF6100028967C /* Resources */ = {
			isa = PBXResourcesBuildPhase;
			buildActionMask = 2147483647;
			files = (
				145F7F59231EF7F70028967C /* Images.xcassets in Resources */,
				145F7F5D231EF7F70028967C /* Main.storyboard in Resources */,
			);
			runOnlyForDeploymentPostprocessing = 0;
		};
/* End PBXResourcesBuildPhase section */

/* Begin PBXShellScriptBuildPhase section */
		5431BB2CD9CC53F7A3EA3735 /* [CP] Check Pods Manifest.lock */ = {
			isa = PBXShellScriptBuildPhase;
			buildActionMask = 2147483647;
			files = (
			);
			inputFileListPaths = (
			);
			inputPaths = (
				"${PODS_PODFILE_DIR_PATH}/Podfile.lock",
				"${PODS_ROOT}/Manifest.lock",
			);
			name = "[CP] Check Pods Manifest.lock";
			outputFileListPaths = (
			);
			outputPaths = (
				"$(DERIVED_FILE_DIR)/Pods-RWPickFlavor-checkManifestLockResult.txt",
			);
			runOnlyForDeploymentPostprocessing = 0;
			shellPath = /bin/sh;
			shellScript = "diff \"${PODS_PODFILE_DIR_PATH}/Podfile.lock\" \"${PODS_ROOT}/Manifest.lock\" > /dev/null\nif [ $? != 0 ] ; then\n    # print error to STDERR\n    echo \"error: The sandbox is not in sync with the Podfile.lock. Run 'pod install' or update your CocoaPods installation.\" >&2\n    exit 1\nfi\n# This output is used by Xcode 'outputs' to avoid re-running this script phase.\necho \"SUCCESS\" > \"${SCRIPT_OUTPUT_FILE_0}\"\n";
			showEnvVarsInLog = 0;
		};
/* End PBXShellScriptBuildPhase section */

/* Begin PBXSourcesBuildPhase section */
		145F7F39231EF6100028967C /* Sources */ = {
			isa = PBXSourcesBuildPhase;
			buildActionMask = 2147483647;
			files = (
				145F7F5F231EF7F70028967C /* RGBAColorFromString.swift in Sources */,
				145F7F5A231EF7F70028967C /* Flavor.swift in Sources */,
				145F7F5C231EF7F70028967C /* ScoopView.swift in Sources */,
				145F7F57231EF7F70028967C /* PickFlavorViewController.swift in Sources */,
				145F7F5B231EF7F70028967C /* ScoopCell.swift in Sources */,
				145F7F58231EF7F70028967C /* PickFlavorDataSource.swift in Sources */,
				145F7F5E231EF7F70028967C /* IceCreamView.swift in Sources */,
			);
			runOnlyForDeploymentPostprocessing = 0;
		};
/* End PBXSourcesBuildPhase section */

/* Begin PBXVariantGroup section */
		145F7F52231EF7F70028967C /* Main.storyboard */ = {
			isa = PBXVariantGroup;
			children = (
				145F7F53231EF7F70028967C /* Base */,
			);
			name = Main.storyboard;
			sourceTree = "<group>";
		};
/* End PBXVariantGroup section */

/* Begin XCBuildConfiguration section */
		145F7F43231EF6100028967C /* Debug */ = {
			isa = XCBuildConfiguration;
			buildSettings = {
				ALWAYS_SEARCH_USER_PATHS = NO;
				CLANG_ANALYZER_NONNULL = YES;
				CLANG_ANALYZER_NUMBER_OBJECT_CONVERSION = YES_AGGRESSIVE;
				CLANG_CXX_LANGUAGE_STANDARD = "gnu++14";
				CLANG_CXX_LIBRARY = "libc++";
				CLANG_ENABLE_MODULES = YES;
				CLANG_ENABLE_OBJC_ARC = YES;
				CLANG_ENABLE_OBJC_WEAK = YES;
				CLANG_WARN_BLOCK_CAPTURE_AUTORELEASING = YES;
				CLANG_WARN_BOOL_CONVERSION = YES;
				CLANG_WARN_COMMA = YES;
				CLANG_WARN_CONSTANT_CONVERSION = YES;
				CLANG_WARN_DEPRECATED_OBJC_IMPLEMENTATIONS = YES;
				CLANG_WARN_DIRECT_OBJC_ISA_USAGE = YES_ERROR;
				CLANG_WARN_DOCUMENTATION_COMMENTS = YES;
				CLANG_WARN_EMPTY_BODY = YES;
				CLANG_WARN_ENUM_CONVERSION = YES;
				CLANG_WARN_INFINITE_RECURSION = YES;
				CLANG_WARN_INT_CONVERSION = YES;
				CLANG_WARN_NON_LITERAL_NULL_CONVERSION = YES;
				CLANG_WARN_OBJC_IMPLICIT_RETAIN_SELF = YES;
				CLANG_WARN_OBJC_LITERAL_CONVERSION = YES;
				CLANG_WARN_OBJC_ROOT_CLASS = YES_ERROR;
				CLANG_WARN_RANGE_LOOP_ANALYSIS = YES;
				CLANG_WARN_STRICT_PROTOTYPES = YES;
				CLANG_WARN_SUSPICIOUS_MOVE = YES;
				CLANG_WARN_UNGUARDED_AVAILABILITY = YES_AGGRESSIVE;
				CLANG_WARN_UNREACHABLE_CODE = YES;
				CLANG_WARN__DUPLICATE_METHOD_MATCH = YES;
				CODE_SIGN_IDENTITY = "iPhone Developer";
				COPY_PHASE_STRIP = NO;
				CURRENT_PROJECT_VERSION = 1;
				DEBUG_INFORMATION_FORMAT = dwarf;
				ENABLE_STRICT_OBJC_MSGSEND = YES;
				ENABLE_TESTABILITY = YES;
				GCC_C_LANGUAGE_STANDARD = gnu11;
				GCC_DYNAMIC_NO_PIC = NO;
				GCC_NO_COMMON_BLOCKS = YES;
				GCC_OPTIMIZATION_LEVEL = 0;
				GCC_PREPROCESSOR_DEFINITIONS = (
					"DEBUG=1",
					"$(inherited)",
				);
				GCC_WARN_64_TO_32_BIT_CONVERSION = YES;
				GCC_WARN_ABOUT_RETURN_TYPE = YES_ERROR;
				GCC_WARN_UNDECLARED_SELECTOR = YES;
				GCC_WARN_UNINITIALIZED_AUTOS = YES_AGGRESSIVE;
				GCC_WARN_UNUSED_FUNCTION = YES;
				GCC_WARN_UNUSED_VARIABLE = YES;
				IPHONEOS_DEPLOYMENT_TARGET = 12.4;
				MTL_ENABLE_DEBUG_INFO = INCLUDE_SOURCE;
				MTL_FAST_MATH = YES;
				ONLY_ACTIVE_ARCH = YES;
				SDKROOT = iphoneos;
				SWIFT_ACTIVE_COMPILATION_CONDITIONS = DEBUG;
				SWIFT_OPTIMIZATION_LEVEL = "-Onone";
				VERSIONING_SYSTEM = "apple-generic";
				VERSION_INFO_PREFIX = "";
			};
			name = Debug;
		};
		145F7F44231EF6100028967C /* Release */ = {
			isa = XCBuildConfiguration;
			buildSettings = {
				ALWAYS_SEARCH_USER_PATHS = NO;
				CLANG_ANALYZER_NONNULL = YES;
				CLANG_ANALYZER_NUMBER_OBJECT_CONVERSION = YES_AGGRESSIVE;
				CLANG_CXX_LANGUAGE_STANDARD = "gnu++14";
				CLANG_CXX_LIBRARY = "libc++";
				CLANG_ENABLE_MODULES = YES;
				CLANG_ENABLE_OBJC_ARC = YES;
				CLANG_ENABLE_OBJC_WEAK = YES;
				CLANG_WARN_BLOCK_CAPTURE_AUTORELEASING = YES;
				CLANG_WARN_BOOL_CONVERSION = YES;
				CLANG_WARN_COMMA = YES;
				CLANG_WARN_CONSTANT_CONVERSION = YES;
				CLANG_WARN_DEPRECATED_OBJC_IMPLEMENTATIONS = YES;
				CLANG_WARN_DIRECT_OBJC_ISA_USAGE = YES_ERROR;
				CLANG_WARN_DOCUMENTATION_COMMENTS = YES;
				CLANG_WARN_EMPTY_BODY = YES;
				CLANG_WARN_ENUM_CONVERSION = YES;
				CLANG_WARN_INFINITE_RECURSION = YES;
				CLANG_WARN_INT_CONVERSION = YES;
				CLANG_WARN_NON_LITERAL_NULL_CONVERSION = YES;
				CLANG_WARN_OBJC_IMPLICIT_RETAIN_SELF = YES;
				CLANG_WARN_OBJC_LITERAL_CONVERSION = YES;
				CLANG_WARN_OBJC_ROOT_CLASS = YES_ERROR;
				CLANG_WARN_RANGE_LOOP_ANALYSIS = YES;
				CLANG_WARN_STRICT_PROTOTYPES = YES;
				CLANG_WARN_SUSPICIOUS_MOVE = YES;
				CLANG_WARN_UNGUARDED_AVAILABILITY = YES_AGGRESSIVE;
				CLANG_WARN_UNREACHABLE_CODE = YES;
				CLANG_WARN__DUPLICATE_METHOD_MATCH = YES;
				CODE_SIGN_IDENTITY = "iPhone Developer";
				COPY_PHASE_STRIP = NO;
				CURRENT_PROJECT_VERSION = 1;
				DEBUG_INFORMATION_FORMAT = "dwarf-with-dsym";
				ENABLE_NS_ASSERTIONS = NO;
				ENABLE_STRICT_OBJC_MSGSEND = YES;
				GCC_C_LANGUAGE_STANDARD = gnu11;
				GCC_NO_COMMON_BLOCKS = YES;
				GCC_WARN_64_TO_32_BIT_CONVERSION = YES;
				GCC_WARN_ABOUT_RETURN_TYPE = YES_ERROR;
				GCC_WARN_UNDECLARED_SELECTOR = YES;
				GCC_WARN_UNINITIALIZED_AUTOS = YES_AGGRESSIVE;
				GCC_WARN_UNUSED_FUNCTION = YES;
				GCC_WARN_UNUSED_VARIABLE = YES;
				IPHONEOS_DEPLOYMENT_TARGET = 12.4;
				MTL_ENABLE_DEBUG_INFO = NO;
				MTL_FAST_MATH = YES;
				SDKROOT = iphoneos;
				SWIFT_COMPILATION_MODE = wholemodule;
				SWIFT_OPTIMIZATION_LEVEL = "-O";
				VALIDATE_PRODUCT = YES;
				VERSIONING_SYSTEM = "apple-generic";
				VERSION_INFO_PREFIX = "";
			};
			name = Release;
		};
		145F7F46231EF6100028967C /* Debug */ = {
			isa = XCBuildConfiguration;
			baseConfigurationReference = 211FC6FC5E15FB4053D520C6 /* Pods-RWPickFlavor.debug.xcconfig */;
			buildSettings = {
				CODE_SIGN_IDENTITY = "";
				CODE_SIGN_STYLE = Automatic;
				DEFINES_MODULE = YES;
				DEVELOPMENT_TEAM = R6C5FH3EL7;
				DYLIB_COMPATIBILITY_VERSION = 1;
				DYLIB_CURRENT_VERSION = 1;
				DYLIB_INSTALL_NAME_BASE = "@rpath";
				INFOPLIST_FILE = RWPickFlavor/Info.plist;
				INSTALL_PATH = "$(LOCAL_LIBRARY_DIR)/Frameworks";
				LD_RUNPATH_SEARCH_PATHS = (
					"$(inherited)",
					"@executable_path/Frameworks",
					"@loader_path/Frameworks",
				);
				PRODUCT_BUNDLE_IDENTIFIER = "blu-pa.RWPickFlavor";
				PRODUCT_NAME = "$(TARGET_NAME:c99extidentifier)";
				SKIP_INSTALL = YES;
				SWIFT_VERSION = 5.0;
				TARGETED_DEVICE_FAMILY = "1,2";
			};
			name = Debug;
		};
		145F7F47231EF6100028967C /* Release */ = {
			isa = XCBuildConfiguration;
			baseConfigurationReference = 61C322EC73F4B09A74D96CF3 /* Pods-RWPickFlavor.release.xcconfig */;
			buildSettings = {
				CODE_SIGN_IDENTITY = "";
				CODE_SIGN_STYLE = Automatic;
				DEFINES_MODULE = YES;
				DEVELOPMENT_TEAM = R6C5FH3EL7;
				DYLIB_COMPATIBILITY_VERSION = 1;
				DYLIB_CURRENT_VERSION = 1;
				DYLIB_INSTALL_NAME_BASE = "@rpath";
				INFOPLIST_FILE = RWPickFlavor/Info.plist;
				INSTALL_PATH = "$(LOCAL_LIBRARY_DIR)/Frameworks";
				LD_RUNPATH_SEARCH_PATHS = (
					"$(inherited)",
					"@executable_path/Frameworks",
					"@loader_path/Frameworks",
				);
				PRODUCT_BUNDLE_IDENTIFIER = "blu-pa.RWPickFlavor";
				PRODUCT_NAME = "$(TARGET_NAME:c99extidentifier)";
				SKIP_INSTALL = YES;
				SWIFT_VERSION = 5.0;
				TARGETED_DEVICE_FAMILY = "1,2";
			};
			name = Release;
		};
/* End XCBuildConfiguration section */

/* Begin XCConfigurationList section */
		145F7F37231EF6100028967C /* Build configuration list for PBXProject "RWPickFlavor" */ = {
			isa = XCConfigurationList;
			buildConfigurations = (
				145F7F43231EF6100028967C /* Debug */,
				145F7F44231EF6100028967C /* Release */,
			);
			defaultConfigurationIsVisible = 0;
			defaultConfigurationName = Release;
		};
		145F7F45231EF6100028967C /* Build configuration list for PBXNativeTarget "RWPickFlavor" */ = {
			isa = XCConfigurationList;
			buildConfigurations = (
				145F7F46231EF6100028967C /* Debug */,
				145F7F47231EF6100028967C /* Release */,
			);
			defaultConfigurationIsVisible = 0;
			defaultConfigurationName = Release;
		};
/* End XCConfigurationList section */
	};
	rootObject = 145F7F34231EF6100028967C /* Project object */;
}
